
Microsoft Visual Studio Solution File, Format Version 11.00
# Visual Studio 2010
Project("{FAE04EC0-301F-11D3-BF4B-00C04F79EFBC}") = "Cyclops.MainApplication", "Cyclops.MainApplication\Cyclops.MainApplication.csproj", "{08CEBA92-6628-4818-85EB-7C24C531F1D2}"
EndProject
Project("{2150E333-8FDC-42A3-9474-1A3956D46DE8}") = "Jabber-net", "Jabber-net", "{1164E110-8696-43FE-878F-C8F39BD7882B}"
EndProject
Project("{2150E333-8FDC-42A3-9474-1A3956D46DE8}") = "Libraries", "Libraries", "{901A4F95-3009-4893-8C70-0A73B809EF1C}"
	ProjectSection(SolutionItems) = preProject
		Libraries\log4net.dll = Libraries\log4net.dll
		Libraries\Microsoft.Practices.ServiceLocation.dll = Libraries\Microsoft.Practices.ServiceLocation.dll
		Libraries\Microsoft.Practices.Unity.dll = Libraries\Microsoft.Practices.Unity.dll
		Libraries\Moq.dll = Libraries\Moq.dll
		Libraries\nunit.framework.dll = Libraries\nunit.framework.dll
	EndProjectSection
EndProject
Project("{FAE04EC0-301F-11D3-BF4B-00C04F79EFBC}") = "2005-jabber-net", "Jabber-net\2005-jabber-net.csproj", "{6CAE854A-F202-4D2B-B10E-E8D8E81E5EF5}"
EndProject
Project("{FAE04EC0-301F-11D3-BF4B-00C04F79EFBC}") = "netlib.Dns", "Jabber-net\netlib.Dns\netlib.Dns.csproj", "{40AC7A7C-D3E5-46DF-B740-06BD9D2A00E1}"
EndProject
Project("{FAE04EC0-301F-11D3-BF4B-00C04F79EFBC}") = "Cyclops.Core", "Cyclops.Core\Cyclops.Core.csproj", "{61356ED8-D17B-4940-943D-812B8FCDA911}"
EndProject
Project("{FAE04EC0-301F-11D3-BF4B-00C04F79EFBC}") = "Cyclops.Core.Resource", "Cyclops.Core.Resource\Cyclops.Core.Resource.csproj", "{3D3E964F-34F2-423B-B22D-865DFE640182}"
EndProject
Project("{FAE04EC0-301F-11D3-BF4B-00C04F79EFBC}") = "Cyclops.Tests", "Cyclops.Tests\Cyclops.Tests.csproj", "{7CD188E0-DFCC-40CF-A954-4692A0988C63}"
EndProject
Project("{FAE04EC0-301F-11D3-BF4B-00C04F79EFBC}") = "Cyclops.MainApplication.Options", "Cyclops.MainApplication.Options\Cyclops.MainApplication.Options.csproj", "{57602637-288C-4870-B1C4-3242C8ACC165}"
EndProject
Project("{FAE04EC0-301F-11D3-BF4B-00C04F79EFBC}") = "Cyclops.MainApplication.Localization", "Cyclops.MainApplication.Localization\Cyclops.MainApplication.Localization.csproj", "{D142085E-7C6A-4F26-8F53-623BD89BBB4E}"
EndProject
Project("{2150E333-8FDC-42A3-9474-1A3956D46DE8}") = ".github", ".github", "{11D748C8-33AE-4AE8-BA78-D368A8DF70D3}"
EndProject
Project("{2150E333-8FDC-42A3-9474-1A3956D46DE8}") = "workflows", "workflows", "{83BF8062-55BF-4925-B88F-804DCE42F7BA}"
ProjectSection(SolutionItems) = preProject
	.github\workflows\main.yml = .github\workflows\main.yml
EndProjectSection
EndProject
Project("{2150E333-8FDC-42A3-9474-1A3956D46DE8}") = "Solution Items", "Solution Items", "{6741DC90-7EE8-4D9D-8547-2D89F3781C21}"
ProjectSection(SolutionItems) = preProject
	.editorconfig = .editorconfig
	.gitignore = .gitignore
	README.md = README.md
EndProjectSection
EndProject
Project("{FAE04EC0-301F-11D3-BF4B-00C04F79EFBC}") = "Cyclops.Console", "Cyclops.Console\Cyclops.Console.csproj", "{EF70FF5F-2CBD-4009-BE55-5B53A5AB6C1C}"
EndProject
Global
	GlobalSection(SolutionConfigurationPlatforms) = preSolution
		Debug|Any CPU = Debug|Any CPU
		Release|Any CPU = Release|Any CPU
	EndGlobalSection
	GlobalSection(ProjectConfigurationPlatforms) = postSolution
		{6CAE854A-F202-4D2B-B10E-E8D8E81E5EF5}.Debug|Any CPU.ActiveCfg = Debug|Any CPU
		{6CAE854A-F202-4D2B-B10E-E8D8E81E5EF5}.Debug|Any CPU.Build.0 = Debug|Any CPU
		{6CAE854A-F202-4D2B-B10E-E8D8E81E5EF5}.Release|Any CPU.ActiveCfg = Release|Any CPU
		{6CAE854A-F202-4D2B-B10E-E8D8E81E5EF5}.Release|Any CPU.Build.0 = Release|Any CPU
		{40AC7A7C-D3E5-46DF-B740-06BD9D2A00E1}.Debug|Any CPU.ActiveCfg = Debug|Any CPU
		{40AC7A7C-D3E5-46DF-B740-06BD9D2A00E1}.Debug|Any CPU.Build.0 = Debug|Any CPU
		{40AC7A7C-D3E5-46DF-B740-06BD9D2A00E1}.Release|Any CPU.ActiveCfg = Release|Any CPU
		{40AC7A7C-D3E5-46DF-B740-06BD9D2A00E1}.Release|Any CPU.Build.0 = Release|Any CPU
		{61356ED8-D17B-4940-943D-812B8FCDA911}.Debug|Any CPU.ActiveCfg = Debug|Any CPU
		{61356ED8-D17B-4940-943D-812B8FCDA911}.Debug|Any CPU.Build.0 = Debug|Any CPU
		{61356ED8-D17B-4940-943D-812B8FCDA911}.Release|Any CPU.ActiveCfg = Release|Any CPU
		{61356ED8-D17B-4940-943D-812B8FCDA911}.Release|Any CPU.Build.0 = Release|Any CPU
		{3D3E964F-34F2-423B-B22D-865DFE640182}.Debug|Any CPU.ActiveCfg = Debug|Any CPU
		{3D3E964F-34F2-423B-B22D-865DFE640182}.Debug|Any CPU.Build.0 = Debug|Any CPU
		{3D3E964F-34F2-423B-B22D-865DFE640182}.Release|Any CPU.ActiveCfg = Release|Any CPU
		{3D3E964F-34F2-423B-B22D-865DFE640182}.Release|Any CPU.Build.0 = Release|Any CPU
		{7CD188E0-DFCC-40CF-A954-4692A0988C63}.Debug|Any CPU.ActiveCfg = Debug|Any CPU
		{7CD188E0-DFCC-40CF-A954-4692A0988C63}.Debug|Any CPU.Build.0 = Debug|Any CPU
		{7CD188E0-DFCC-40CF-A954-4692A0988C63}.Release|Any CPU.ActiveCfg = Release|Any CPU
		{7CD188E0-DFCC-40CF-A954-4692A0988C63}.Release|Any CPU.Build.0 = Release|Any CPU
		{D142085E-7C6A-4F26-8F53-623BD89BBB4E}.Debug|Any CPU.ActiveCfg = Debug|Any CPU
		{D142085E-7C6A-4F26-8F53-623BD89BBB4E}.Debug|Any CPU.Build.0 = Debug|Any CPU
		{D142085E-7C6A-4F26-8F53-623BD89BBB4E}.Release|Any CPU.ActiveCfg = Release|Any CPU
		{D142085E-7C6A-4F26-8F53-623BD89BBB4E}.Release|Any CPU.Build.0 = Release|Any CPU
		{08CEBA92-6628-4818-85EB-7C24C531F1D2}.Debug|Any CPU.ActiveCfg = Debug|Any CPU
		{08CEBA92-6628-4818-85EB-7C24C531F1D2}.Debug|Any CPU.Build.0 = Debug|Any CPU
		{08CEBA92-6628-4818-85EB-7C24C531F1D2}.Release|Any CPU.ActiveCfg = Release|Any CPU
		{08CEBA92-6628-4818-85EB-7C24C531F1D2}.Release|Any CPU.Build.0 = Release|Any CPU
		{57602637-288C-4870-B1C4-3242C8ACC165}.Debug|Any CPU.ActiveCfg = Debug|Any CPU
		{57602637-288C-4870-B1C4-3242C8ACC165}.Debug|Any CPU.Build.0 = Debug|Any CPU
		{57602637-288C-4870-B1C4-3242C8ACC165}.Release|Any CPU.ActiveCfg = Release|Any CPU
		{57602637-288C-4870-B1C4-3242C8ACC165}.Release|Any CPU.Build.0 = Release|Any CPU
		{EF70FF5F-2CBD-4009-BE55-5B53A5AB6C1C}.Debug|Any CPU.ActiveCfg = Debug|Any CPU
		{EF70FF5F-2CBD-4009-BE55-5B53A5AB6C1C}.Debug|Any CPU.Build.0 = Debug|Any CPU
		{EF70FF5F-2CBD-4009-BE55-5B53A5AB6C1C}.Release|Any CPU.ActiveCfg = Release|Any CPU
		{EF70FF5F-2CBD-4009-BE55-5B53A5AB6C1C}.Release|Any CPU.Build.0 = Release|Any CPU
	EndGlobalSection
	GlobalSection(SolutionProperties) = preSolution
		HideSolutionNode = FALSE
	EndGlobalSection
	GlobalSection(NestedProjects) = preSolution
		{6CAE854A-F202-4D2B-B10E-E8D8E81E5EF5} = {1164E110-8696-43FE-878F-C8F39BD7882B}
		{40AC7A7C-D3E5-46DF-B740-06BD9D2A00E1} = {1164E110-8696-43FE-878F-C8F39BD7882B}
		{83BF8062-55BF-4925-B88F-804DCE42F7BA} = {11D748C8-33AE-4AE8-BA78-D368A8DF70D3}
	EndGlobalSection
EndGlobal
